// !$*UTF8*$!
{
	archiveVersion = 1;
	classes = {
	};
	objectVersion = 55;
	objects = {

/* Begin PBXBuildFile section */
		AAA6CCC6281A20B9002E8CB3 /* AppDelegate.swift in Sources */ = {isa = PBXBuildFile; fileRef = AAA6CCC5281A20B9002E8CB3 /* AppDelegate.swift */; };
		AAA6CCC8281A20B9002E8CB3 /* SceneDelegate.swift in Sources */ = {isa = PBXBuildFile; fileRef = AAA6CCC7281A20B9002E8CB3 /* SceneDelegate.swift */; };
		AAA6CCCA281A20B9002E8CB3 /* MainViewController.swift in Sources */ = {isa = PBXBuildFile; fileRef = AAA6CCC9281A20B9002E8CB3 /* MainViewController.swift */; };
		AAA6CCCD281A20B9002E8CB3 /* Main.storyboard in Resources */ = {isa = PBXBuildFile; fileRef = AAA6CCCB281A20B9002E8CB3 /* Main.storyboard */; };
		AAA6CCD0281A20B9002E8CB3 /* Listrikku.xcdatamodeld in Sources */ = {isa = PBXBuildFile; fileRef = AAA6CCCE281A20B9002E8CB3 /* Listrikku.xcdatamodeld */; };
		AAA6CCD2281A20BA002E8CB3 /* Assets.xcassets in Resources */ = {isa = PBXBuildFile; fileRef = AAA6CCD1281A20BA002E8CB3 /* Assets.xcassets */; };
		AAA6CCD5281A20BA002E8CB3 /* LaunchScreen.storyboard in Resources */ = {isa = PBXBuildFile; fileRef = AAA6CCD3281A20BA002E8CB3 /* LaunchScreen.storyboard */; };
		AAA6CCE0281A4969002E8CB3 /* ProfileInputViewController.swift in Sources */ = {isa = PBXBuildFile; fileRef = AAA6CCDF281A4969002E8CB3 /* ProfileInputViewController.swift */; };
		AADE06FB281A6AD700355955 /* User.swift in Sources */ = {isa = PBXBuildFile; fileRef = AADE06FA281A6AD700355955 /* User.swift */; };
		AADE06FD281BFE3F00355955 /* HomeViewController.swift in Sources */ = {isa = PBXBuildFile; fileRef = AADE06FC281BFE3F00355955 /* HomeViewController.swift */; };
		AADE06FF281BFE5C00355955 /* ListViewController.swift in Sources */ = {isa = PBXBuildFile; fileRef = AADE06FE281BFE5C00355955 /* ListViewController.swift */; };
		AADE0701281BFE6800355955 /* ReminderViewController.swift in Sources */ = {isa = PBXBuildFile; fileRef = AADE0700281BFE6800355955 /* ReminderViewController.swift */; };
		AADE0703281CC6DE00355955 /* WelcomeViewController.swift in Sources */ = {isa = PBXBuildFile; fileRef = AADE0702281CC6DE00355955 /* WelcomeViewController.swift */; };
		AADE0706281D649A00355955 /* DataTableViewCell.swift in Sources */ = {isa = PBXBuildFile; fileRef = AADE0704281D649A00355955 /* DataTableViewCell.swift */; };
		AADE0709281D668700355955 /* Electronic.swift in Sources */ = {isa = PBXBuildFile; fileRef = AADE0708281D668700355955 /* Electronic.swift */; };
		AAE18318281E5DEB001A8ACF /* DatabaseHelper.swift in Sources */ = {isa = PBXBuildFile; fileRef = AAE18317281E5DEB001A8ACF /* DatabaseHelper.swift */; };
		AAE1831A281E655D001A8ACF /* InputDataViewController.swift in Sources */ = {isa = PBXBuildFile; fileRef = AAE18319281E655D001A8ACF /* InputDataViewController.swift */; };
		AAE1831F281E6F03001A8ACF /* ModalControllerDelegate.swift in Sources */ = {isa = PBXBuildFile; fileRef = AAE1831E281E6F03001A8ACF /* ModalControllerDelegate.swift */; };
		AAE18321281EB18A001A8ACF /* Onboarding.storyboard in Resources */ = {isa = PBXBuildFile; fileRef = AAE18320281EB18A001A8ACF /* Onboarding.storyboard */; };
		AAE18323281EB1B9001A8ACF /* Home.storyboard in Resources */ = {isa = PBXBuildFile; fileRef = AAE18322281EB1B9001A8ACF /* Home.storyboard */; };
		AAE18325281EB1C3001A8ACF /* Reminder.storyboard in Resources */ = {isa = PBXBuildFile; fileRef = AAE18324281EB1C3001A8ACF /* Reminder.storyboard */; };
		AAE18327281EB1CC001A8ACF /* ListData.storyboard in Resources */ = {isa = PBXBuildFile; fileRef = AAE18326281EB1CC001A8ACF /* ListData.storyboard */; };
		AAE18329281EBB9D001A8ACF /* GreetingViewController.swift in Sources */ = {isa = PBXBuildFile; fileRef = AAE18328281EBB9D001A8ACF /* GreetingViewController.swift */; };
		AAE1832B281EBC56001A8ACF /* NavigationViewController.swift in Sources */ = {isa = PBXBuildFile; fileRef = AAE1832A281EBC56001A8ACF /* NavigationViewController.swift */; };
		AAE1832D281EC349001A8ACF /* DatabaseHelperDelegate.swift in Sources */ = {isa = PBXBuildFile; fileRef = AAE1832C281EC349001A8ACF /* DatabaseHelperDelegate.swift */; };
		AAE18330281EC3A8001A8ACF /* ListViewModel.swift in Sources */ = {isa = PBXBuildFile; fileRef = AAE1832F281EC3A8001A8ACF /* ListViewModel.swift */; };
		AAE18332281ED327001A8ACF /* OnboardingViewModel.swift in Sources */ = {isa = PBXBuildFile; fileRef = AAE18331281ED327001A8ACF /* OnboardingViewModel.swift */; };
		AAE18335281FF934001A8ACF /* UserItemRepository.swift in Sources */ = {isa = PBXBuildFile; fileRef = AAE18334281FF934001A8ACF /* UserItemRepository.swift */; };
		AAE18337281FFA5B001A8ACF /* UserProfileRepository.swift in Sources */ = {isa = PBXBuildFile; fileRef = AAE18336281FFA5B001A8ACF /* UserProfileRepository.swift */; };
		AAE183392820013F001A8ACF /* PriceRepository.swift in Sources */ = {isa = PBXBuildFile; fileRef = AAE183382820013F001A8ACF /* PriceRepository.swift */; };
		AAE1833B28201FC3001A8ACF /* NameInputViewController.swift in Sources */ = {isa = PBXBuildFile; fileRef = AAE1833A28201FC3001A8ACF /* NameInputViewController.swift */; };
		AAE1833D28202281001A8ACF /* ViewComponent.swift in Sources */ = {isa = PBXBuildFile; fileRef = AAE1833C28202281001A8ACF /* ViewComponent.swift */; };
		AAE1833F2823BBC8001A8ACF /* Bill.swift in Sources */ = {isa = PBXBuildFile; fileRef = AAE1833E2823BBC8001A8ACF /* Bill.swift */; };
		AAE183412823C36E001A8ACF /* EstimationResultViewController.swift in Sources */ = {isa = PBXBuildFile; fileRef = AAE183402823C36E001A8ACF /* EstimationResultViewController.swift */; };
/* End PBXBuildFile section */

/* Begin PBXFileReference section */
		AAA6CCC2281A20B9002E8CB3 /* Listrikku.app */ = {isa = PBXFileReference; explicitFileType = wrapper.application; includeInIndex = 0; path = Listrikku.app; sourceTree = BUILT_PRODUCTS_DIR; };
		AAA6CCC5281A20B9002E8CB3 /* AppDelegate.swift */ = {isa = PBXFileReference; lastKnownFileType = sourcecode.swift; path = AppDelegate.swift; sourceTree = "<group>"; };
		AAA6CCC7281A20B9002E8CB3 /* SceneDelegate.swift */ = {isa = PBXFileReference; lastKnownFileType = sourcecode.swift; path = SceneDelegate.swift; sourceTree = "<group>"; };
		AAA6CCC9281A20B9002E8CB3 /* MainViewController.swift */ = {isa = PBXFileReference; lastKnownFileType = sourcecode.swift; path = MainViewController.swift; sourceTree = "<group>"; };
		AAA6CCCC281A20B9002E8CB3 /* Base */ = {isa = PBXFileReference; lastKnownFileType = file.storyboard; name = Base; path = Base.lproj/Main.storyboard; sourceTree = "<group>"; };
		AAA6CCCF281A20B9002E8CB3 /* Listrikku.xcdatamodel */ = {isa = PBXFileReference; lastKnownFileType = wrapper.xcdatamodel; path = Listrikku.xcdatamodel; sourceTree = "<group>"; };
		AAA6CCD1281A20BA002E8CB3 /* Assets.xcassets */ = {isa = PBXFileReference; lastKnownFileType = folder.assetcatalog; path = Assets.xcassets; sourceTree = "<group>"; };
		AAA6CCD4281A20BA002E8CB3 /* Base */ = {isa = PBXFileReference; lastKnownFileType = file.storyboard; name = Base; path = Base.lproj/LaunchScreen.storyboard; sourceTree = "<group>"; };
		AAA6CCD6281A20BA002E8CB3 /* Info.plist */ = {isa = PBXFileReference; lastKnownFileType = text.plist.xml; path = Info.plist; sourceTree = "<group>"; };
		AAA6CCDF281A4969002E8CB3 /* ProfileInputViewController.swift */ = {isa = PBXFileReference; lastKnownFileType = sourcecode.swift; path = ProfileInputViewController.swift; sourceTree = "<group>"; };
		AADE06FA281A6AD700355955 /* User.swift */ = {isa = PBXFileReference; lastKnownFileType = sourcecode.swift; path = User.swift; sourceTree = "<group>"; };
		AADE06FC281BFE3F00355955 /* HomeViewController.swift */ = {isa = PBXFileReference; lastKnownFileType = sourcecode.swift; path = HomeViewController.swift; sourceTree = "<group>"; };
		AADE06FE281BFE5C00355955 /* ListViewController.swift */ = {isa = PBXFileReference; lastKnownFileType = sourcecode.swift; path = ListViewController.swift; sourceTree = "<group>"; };
		AADE0700281BFE6800355955 /* ReminderViewController.swift */ = {isa = PBXFileReference; lastKnownFileType = sourcecode.swift; path = ReminderViewController.swift; sourceTree = "<group>"; };
		AADE0702281CC6DE00355955 /* WelcomeViewController.swift */ = {isa = PBXFileReference; lastKnownFileType = sourcecode.swift; path = WelcomeViewController.swift; sourceTree = "<group>"; };
		AADE0704281D649A00355955 /* DataTableViewCell.swift */ = {isa = PBXFileReference; lastKnownFileType = sourcecode.swift; path = DataTableViewCell.swift; sourceTree = "<group>"; };
		AADE0708281D668700355955 /* Electronic.swift */ = {isa = PBXFileReference; lastKnownFileType = sourcecode.swift; path = Electronic.swift; sourceTree = "<group>"; };
		AAE18317281E5DEB001A8ACF /* DatabaseHelper.swift */ = {isa = PBXFileReference; lastKnownFileType = sourcecode.swift; path = DatabaseHelper.swift; sourceTree = "<group>"; };
		AAE18319281E655D001A8ACF /* InputDataViewController.swift */ = {isa = PBXFileReference; lastKnownFileType = sourcecode.swift; path = InputDataViewController.swift; sourceTree = "<group>"; };
		AAE1831E281E6F03001A8ACF /* ModalControllerDelegate.swift */ = {isa = PBXFileReference; lastKnownFileType = sourcecode.swift; path = ModalControllerDelegate.swift; sourceTree = "<group>"; };
		AAE18320281EB18A001A8ACF /* Onboarding.storyboard */ = {isa = PBXFileReference; lastKnownFileType = file.storyboard; path = Onboarding.storyboard; sourceTree = "<group>"; };
		AAE18322281EB1B9001A8ACF /* Home.storyboard */ = {isa = PBXFileReference; lastKnownFileType = file.storyboard; path = Home.storyboard; sourceTree = "<group>"; };
		AAE18324281EB1C3001A8ACF /* Reminder.storyboard */ = {isa = PBXFileReference; lastKnownFileType = file.storyboard; path = Reminder.storyboard; sourceTree = "<group>"; };
		AAE18326281EB1CC001A8ACF /* ListData.storyboard */ = {isa = PBXFileReference; lastKnownFileType = file.storyboard; path = ListData.storyboard; sourceTree = "<group>"; };
		AAE18328281EBB9D001A8ACF /* GreetingViewController.swift */ = {isa = PBXFileReference; lastKnownFileType = sourcecode.swift; path = GreetingViewController.swift; sourceTree = "<group>"; };
		AAE1832A281EBC56001A8ACF /* NavigationViewController.swift */ = {isa = PBXFileReference; lastKnownFileType = sourcecode.swift; path = NavigationViewController.swift; sourceTree = "<group>"; };
		AAE1832C281EC349001A8ACF /* DatabaseHelperDelegate.swift */ = {isa = PBXFileReference; lastKnownFileType = sourcecode.swift; path = DatabaseHelperDelegate.swift; sourceTree = "<group>"; };
		AAE1832F281EC3A8001A8ACF /* ListViewModel.swift */ = {isa = PBXFileReference; lastKnownFileType = sourcecode.swift; path = ListViewModel.swift; sourceTree = "<group>"; };
		AAE18331281ED327001A8ACF /* OnboardingViewModel.swift */ = {isa = PBXFileReference; lastKnownFileType = sourcecode.swift; path = OnboardingViewModel.swift; sourceTree = "<group>"; };
		AAE18334281FF934001A8ACF /* UserItemRepository.swift */ = {isa = PBXFileReference; lastKnownFileType = sourcecode.swift; path = UserItemRepository.swift; sourceTree = "<group>"; };
		AAE18336281FFA5B001A8ACF /* UserProfileRepository.swift */ = {isa = PBXFileReference; lastKnownFileType = sourcecode.swift; path = UserProfileRepository.swift; sourceTree = "<group>"; };
		AAE183382820013F001A8ACF /* PriceRepository.swift */ = {isa = PBXFileReference; lastKnownFileType = sourcecode.swift; path = PriceRepository.swift; sourceTree = "<group>"; };
		AAE1833A28201FC3001A8ACF /* NameInputViewController.swift */ = {isa = PBXFileReference; lastKnownFileType = sourcecode.swift; path = NameInputViewController.swift; sourceTree = "<group>"; };
		AAE1833C28202281001A8ACF /* ViewComponent.swift */ = {isa = PBXFileReference; lastKnownFileType = sourcecode.swift; path = ViewComponent.swift; sourceTree = "<group>"; };
		AAE1833E2823BBC8001A8ACF /* Bill.swift */ = {isa = PBXFileReference; lastKnownFileType = sourcecode.swift; path = Bill.swift; sourceTree = "<group>"; };
		AAE183402823C36E001A8ACF /* EstimationResultViewController.swift */ = {isa = PBXFileReference; lastKnownFileType = sourcecode.swift; path = EstimationResultViewController.swift; sourceTree = "<group>"; };
/* End PBXFileReference section */

/* Begin PBXFrameworksBuildPhase section */
		AAA6CCBF281A20B9002E8CB3 /* Frameworks */ = {
			isa = PBXFrameworksBuildPhase;
			buildActionMask = 2147483647;
			files = (
			);
			runOnlyForDeploymentPostprocessing = 0;
		};
/* End PBXFrameworksBuildPhase section */

/* Begin PBXGroup section */
		AAA6CCB9281A20B8002E8CB3 = {
			isa = PBXGroup;
			children = (
				AAA6CCC4281A20B9002E8CB3 /* Listrikku */,
				AAA6CCC3281A20B9002E8CB3 /* Products */,
			);
			sourceTree = "<group>";
		};
		AAA6CCC3281A20B9002E8CB3 /* Products */ = {
			isa = PBXGroup;
			children = (
				AAA6CCC2281A20B9002E8CB3 /* Listrikku.app */,
			);
			name = Products;
			sourceTree = "<group>";
		};
		AAA6CCC4281A20B9002E8CB3 /* Listrikku */ = {
			isa = PBXGroup;
			children = (
				AAE18333281FF906001A8ACF /* Repository */,
				AAE1832E281EC392001A8ACF /* ViewModel */,
				AAE1831D281E6EE5001A8ACF /* Delegate */,
				AAE18316281E5B8F001A8ACF /* Helper */,
				AAA6CCDE281A32D1002E8CB3 /* View */,
				AAA6CCDD281A32C3002E8CB3 /* ViewController */,
				AAA6CCDC281A32BD002E8CB3 /* Model */,
				AAA6CCC5281A20B9002E8CB3 /* AppDelegate.swift */,
				AAA6CCC7281A20B9002E8CB3 /* SceneDelegate.swift */,
				AAA6CCD1281A20BA002E8CB3 /* Assets.xcassets */,
				AAA6CCD6281A20BA002E8CB3 /* Info.plist */,
				AAA6CCCE281A20B9002E8CB3 /* Listrikku.xcdatamodeld */,
			);
			path = Listrikku;
			sourceTree = "<group>";
		};
		AAA6CCDC281A32BD002E8CB3 /* Model */ = {
			isa = PBXGroup;
			children = (
				AADE06FA281A6AD700355955 /* User.swift */,
				AADE0708281D668700355955 /* Electronic.swift */,
				AAE1833E2823BBC8001A8ACF /* Bill.swift */,
			);
			path = Model;
			sourceTree = "<group>";
		};
		AAA6CCDD281A32C3002E8CB3 /* ViewController */ = {
			isa = PBXGroup;
			children = (
				AAA6CCC9281A20B9002E8CB3 /* MainViewController.swift */,
				AAA6CCDF281A4969002E8CB3 /* ProfileInputViewController.swift */,
				AADE06FC281BFE3F00355955 /* HomeViewController.swift */,
				AADE06FE281BFE5C00355955 /* ListViewController.swift */,
				AADE0700281BFE6800355955 /* ReminderViewController.swift */,
				AADE0702281CC6DE00355955 /* WelcomeViewController.swift */,
				AAE18319281E655D001A8ACF /* InputDataViewController.swift */,
				AAE18328281EBB9D001A8ACF /* GreetingViewController.swift */,
				AAE1832A281EBC56001A8ACF /* NavigationViewController.swift */,
				AAE1833A28201FC3001A8ACF /* NameInputViewController.swift */,
				AAE183402823C36E001A8ACF /* EstimationResultViewController.swift */,
			);
			path = ViewController;
			sourceTree = "<group>";
		};
		AAA6CCDE281A32D1002E8CB3 /* View */ = {
			isa = PBXGroup;
			children = (
				AAA6CCD3281A20BA002E8CB3 /* LaunchScreen.storyboard */,
				AAA6CCCB281A20B9002E8CB3 /* Main.storyboard */,
				AADE0704281D649A00355955 /* DataTableViewCell.swift */,
				AAE18320281EB18A001A8ACF /* Onboarding.storyboard */,
				AAE18322281EB1B9001A8ACF /* Home.storyboard */,
				AAE18324281EB1C3001A8ACF /* Reminder.storyboard */,
				AAE18326281EB1CC001A8ACF /* ListData.storyboard */,
			);
			path = View;
			sourceTree = "<group>";
		};
		AAE18316281E5B8F001A8ACF /* Helper */ = {
			isa = PBXGroup;
			children = (
				AAE18317281E5DEB001A8ACF /* DatabaseHelper.swift */,
				AAE1833C28202281001A8ACF /* ViewComponent.swift */,
			);
			path = Helper;
			sourceTree = "<group>";
		};
		AAE1831D281E6EE5001A8ACF /* Delegate */ = {
			isa = PBXGroup;
			children = (
				AAE1831E281E6F03001A8ACF /* ModalControllerDelegate.swift */,
				AAE1832C281EC349001A8ACF /* DatabaseHelperDelegate.swift */,
			);
			path = Delegate;
			sourceTree = "<group>";
		};
		AAE1832E281EC392001A8ACF /* ViewModel */ = {
			isa = PBXGroup;
			children = (
				AAE1832F281EC3A8001A8ACF /* ListViewModel.swift */,
				AAE18331281ED327001A8ACF /* OnboardingViewModel.swift */,
			);
			path = ViewModel;
			sourceTree = "<group>";
		};
		AAE18333281FF906001A8ACF /* Repository */ = {
			isa = PBXGroup;
			children = (
				AAE18334281FF934001A8ACF /* UserItemRepository.swift */,
				AAE18336281FFA5B001A8ACF /* UserProfileRepository.swift */,
				AAE183382820013F001A8ACF /* PriceRepository.swift */,
			);
			path = Repository;
			sourceTree = "<group>";
		};
/* End PBXGroup section */

/* Begin PBXNativeTarget section */
		AAA6CCC1281A20B9002E8CB3 /* Listrikku */ = {
			isa = PBXNativeTarget;
			buildConfigurationList = AAA6CCD9281A20BA002E8CB3 /* Build configuration list for PBXNativeTarget "Listrikku" */;
			buildPhases = (
				AAA6CCBE281A20B9002E8CB3 /* Sources */,
				AAA6CCBF281A20B9002E8CB3 /* Frameworks */,
				AAA6CCC0281A20B9002E8CB3 /* Resources */,
			);
			buildRules = (
			);
			dependencies = (
			);
			name = Listrikku;
			productName = Listrikku;
			productReference = AAA6CCC2281A20B9002E8CB3 /* Listrikku.app */;
			productType = "com.apple.product-type.application";
		};
/* End PBXNativeTarget section */

/* Begin PBXProject section */
		AAA6CCBA281A20B8002E8CB3 /* Project object */ = {
			isa = PBXProject;
			attributes = {
				BuildIndependentTargetsInParallel = 1;
				LastSwiftUpdateCheck = 1330;
				LastUpgradeCheck = 1330;
				TargetAttributes = {
					AAA6CCC1281A20B9002E8CB3 = {
						CreatedOnToolsVersion = 13.3.1;
					};
				};
			};
			buildConfigurationList = AAA6CCBD281A20B8002E8CB3 /* Build configuration list for PBXProject "Listrikku" */;
			compatibilityVersion = "Xcode 13.0";
			developmentRegion = en;
			hasScannedForEncodings = 0;
			knownRegions = (
				en,
				Base,
			);
			mainGroup = AAA6CCB9281A20B8002E8CB3;
			productRefGroup = AAA6CCC3281A20B9002E8CB3 /* Products */;
			projectDirPath = "";
			projectRoot = "";
			targets = (
				AAA6CCC1281A20B9002E8CB3 /* Listrikku */,
			);
		};
/* End PBXProject section */

/* Begin PBXResourcesBuildPhase section */
		AAA6CCC0281A20B9002E8CB3 /* Resources */ = {
			isa = PBXResourcesBuildPhase;
			buildActionMask = 2147483647;
			files = (
				AAA6CCD5281A20BA002E8CB3 /* LaunchScreen.storyboard in Resources */,
				AAE18323281EB1B9001A8ACF /* Home.storyboard in Resources */,
				AAE18325281EB1C3001A8ACF /* Reminder.storyboard in Resources */,
				AAE18327281EB1CC001A8ACF /* ListData.storyboard in Resources */,
				AAA6CCD2281A20BA002E8CB3 /* Assets.xcassets in Resources */,
				AAA6CCCD281A20B9002E8CB3 /* Main.storyboard in Resources */,
				AAE18321281EB18A001A8ACF /* Onboarding.storyboard in Resources */,
			);
			runOnlyForDeploymentPostprocessing = 0;
		};
/* End PBXResourcesBuildPhase section */

/* Begin PBXSourcesBuildPhase section */
		AAA6CCBE281A20B9002E8CB3 /* Sources */ = {
			isa = PBXSourcesBuildPhase;
			buildActionMask = 2147483647;
			files = (
				AAA6CCD0281A20B9002E8CB3 /* Listrikku.xcdatamodeld in Sources */,
				AADE0703281CC6DE00355955 /* WelcomeViewController.swift in Sources */,
				AAA6CCCA281A20B9002E8CB3 /* MainViewController.swift in Sources */,
				AADE0709281D668700355955 /* Electronic.swift in Sources */,
				AAE1831F281E6F03001A8ACF /* ModalControllerDelegate.swift in Sources */,
				AAE1832D281EC349001A8ACF /* DatabaseHelperDelegate.swift in Sources */,
				AAE183392820013F001A8ACF /* PriceRepository.swift in Sources */,
				AADE06FB281A6AD700355955 /* User.swift in Sources */,
				AAE1833B28201FC3001A8ACF /* NameInputViewController.swift in Sources */,
				AAA6CCC6281A20B9002E8CB3 /* AppDelegate.swift in Sources */,
				AAE18335281FF934001A8ACF /* UserItemRepository.swift in Sources */,
				AAA6CCC8281A20B9002E8CB3 /* SceneDelegate.swift in Sources */,
				AAE1833F2823BBC8001A8ACF /* Bill.swift in Sources */,
				AAE18329281EBB9D001A8ACF /* GreetingViewController.swift in Sources */,
				AAE1833D28202281001A8ACF /* ViewComponent.swift in Sources */,
				AADE0701281BFE6800355955 /* ReminderViewController.swift in Sources */,
				AADE06FD281BFE3F00355955 /* HomeViewController.swift in Sources */,
				AAE1832B281EBC56001A8ACF /* NavigationViewController.swift in Sources */,
				AAE18337281FFA5B001A8ACF /* UserProfileRepository.swift in Sources */,
				AADE0706281D649A00355955 /* DataTableViewCell.swift in Sources */,
				AAE18330281EC3A8001A8ACF /* ListViewModel.swift in Sources */,
				AAE18332281ED327001A8ACF /* OnboardingViewModel.swift in Sources */,
				AAE183412823C36E001A8ACF /* EstimationResultViewController.swift in Sources */,
				AADE06FF281BFE5C00355955 /* ListViewController.swift in Sources */,
				AAE1831A281E655D001A8ACF /* InputDataViewController.swift in Sources */,
				AAA6CCE0281A4969002E8CB3 /* ProfileInputViewController.swift in Sources */,
				AAE18318281E5DEB001A8ACF /* DatabaseHelper.swift in Sources */,
			);
			runOnlyForDeploymentPostprocessing = 0;
		};
/* End PBXSourcesBuildPhase section */

/* Begin PBXVariantGroup section */
		AAA6CCCB281A20B9002E8CB3 /* Main.storyboard */ = {
			isa = PBXVariantGroup;
			children = (
				AAA6CCCC281A20B9002E8CB3 /* Base */,
			);
			name = Main.storyboard;
			sourceTree = "<group>";
		};
		AAA6CCD3281A20BA002E8CB3 /* LaunchScreen.storyboard */ = {
			isa = PBXVariantGroup;
			children = (
				AAA6CCD4281A20BA002E8CB3 /* Base */,
			);
			name = LaunchScreen.storyboard;
			sourceTree = "<group>";
		};
/* End PBXVariantGroup section */

/* Begin XCBuildConfiguration section */
		AAA6CCD7281A20BA002E8CB3 /* Debug */ = {
			isa = XCBuildConfiguration;
			buildSettings = {
				ALWAYS_SEARCH_USER_PATHS = NO;
				CLANG_ANALYZER_NONNULL = YES;
				CLANG_ANALYZER_NUMBER_OBJECT_CONVERSION = YES_AGGRESSIVE;
				CLANG_CXX_LANGUAGE_STANDARD = "gnu++17";
				CLANG_ENABLE_MODULES = YES;
				CLANG_ENABLE_OBJC_ARC = YES;
				CLANG_ENABLE_OBJC_WEAK = YES;
				CLANG_WARN_BLOCK_CAPTURE_AUTORELEASING = YES;
				CLANG_WARN_BOOL_CONVERSION = YES;
				CLANG_WARN_COMMA = YES;
				CLANG_WARN_CONSTANT_CONVERSION = YES;
				CLANG_WARN_DEPRECATED_OBJC_IMPLEMENTATIONS = YES;
				CLANG_WARN_DIRECT_OBJC_ISA_USAGE = YES_ERROR;
				CLANG_WARN_DOCUMENTATION_COMMENTS = YES;
				CLANG_WARN_EMPTY_BODY = YES;
				CLANG_WARN_ENUM_CONVERSION = YES;
				CLANG_WARN_INFINITE_RECURSION = YES;
				CLANG_WARN_INT_CONVERSION = YES;
				CLANG_WARN_NON_LITERAL_NULL_CONVERSION = YES;
				CLANG_WARN_OBJC_IMPLICIT_RETAIN_SELF = YES;
				CLANG_WARN_OBJC_LITERAL_CONVERSION = YES;
				CLANG_WARN_OBJC_ROOT_CLASS = YES_ERROR;
				CLANG_WARN_QUOTED_INCLUDE_IN_FRAMEWORK_HEADER = YES;
				CLANG_WARN_RANGE_LOOP_ANALYSIS = YES;
				CLANG_WARN_STRICT_PROTOTYPES = YES;
				CLANG_WARN_SUSPICIOUS_MOVE = YES;
				CLANG_WARN_UNGUARDED_AVAILABILITY = YES_AGGRESSIVE;
				CLANG_WARN_UNREACHABLE_CODE = YES;
				CLANG_WARN__DUPLICATE_METHOD_MATCH = YES;
				COPY_PHASE_STRIP = NO;
				DEBUG_INFORMATION_FORMAT = dwarf;
				ENABLE_STRICT_OBJC_MSGSEND = YES;
				ENABLE_TESTABILITY = YES;
				GCC_C_LANGUAGE_STANDARD = gnu11;
				GCC_DYNAMIC_NO_PIC = NO;
				GCC_NO_COMMON_BLOCKS = YES;
				GCC_OPTIMIZATION_LEVEL = 0;
				GCC_PREPROCESSOR_DEFINITIONS = (
					"DEBUG=1",
					"$(inherited)",
				);
				GCC_WARN_64_TO_32_BIT_CONVERSION = YES;
				GCC_WARN_ABOUT_RETURN_TYPE = YES_ERROR;
				GCC_WARN_UNDECLARED_SELECTOR = YES;
				GCC_WARN_UNINITIALIZED_AUTOS = YES_AGGRESSIVE;
				GCC_WARN_UNUSED_FUNCTION = YES;
				GCC_WARN_UNUSED_VARIABLE = YES;
				IPHONEOS_DEPLOYMENT_TARGET = 15.4;
				MTL_ENABLE_DEBUG_INFO = INCLUDE_SOURCE;
				MTL_FAST_MATH = YES;
				ONLY_ACTIVE_ARCH = YES;
				SDKROOT = iphoneos;
				SWIFT_ACTIVE_COMPILATION_CONDITIONS = DEBUG;
				SWIFT_OPTIMIZATION_LEVEL = "-Onone";
			};
			name = Debug;
		};
		AAA6CCD8281A20BA002E8CB3 /* Release */ = {
			isa = XCBuildConfiguration;
			buildSettings = {
				ALWAYS_SEARCH_USER_PATHS = NO;
				CLANG_ANALYZER_NONNULL = YES;
				CLANG_ANALYZER_NUMBER_OBJECT_CONVERSION = YES_AGGRESSIVE;
				CLANG_CXX_LANGUAGE_STANDARD = "gnu++17";
				CLANG_ENABLE_MODULES = YES;
				CLANG_ENABLE_OBJC_ARC = YES;
				CLANG_ENABLE_OBJC_WEAK = YES;
				CLANG_WARN_BLOCK_CAPTURE_AUTORELEASING = YES;
				CLANG_WARN_BOOL_CONVERSION = YES;
				CLANG_WARN_COMMA = YES;
				CLANG_WARN_CONSTANT_CONVERSION = YES;
				CLANG_WARN_DEPRECATED_OBJC_IMPLEMENTATIONS = YES;
				CLANG_WARN_DIRECT_OBJC_ISA_USAGE = YES_ERROR;
				CLANG_WARN_DOCUMENTATION_COMMENTS = YES;
				CLANG_WARN_EMPTY_BODY = YES;
				CLANG_WARN_ENUM_CONVERSION = YES;
				CLANG_WARN_INFINITE_RECURSION = YES;
				CLANG_WARN_INT_CONVERSION = YES;
				CLANG_WARN_NON_LITERAL_NULL_CONVERSION = YES;
				CLANG_WARN_OBJC_IMPLICIT_RETAIN_SELF = YES;
				CLANG_WARN_OBJC_LITERAL_CONVERSION = YES;
				CLANG_WARN_OBJC_ROOT_CLASS = YES_ERROR;
				CLANG_WARN_QUOTED_INCLUDE_IN_FRAMEWORK_HEADER = YES;
				CLANG_WARN_RANGE_LOOP_ANALYSIS = YES;
				CLANG_WARN_STRICT_PROTOTYPES = YES;
				CLANG_WARN_SUSPICIOUS_MOVE = YES;
				CLANG_WARN_UNGUARDED_AVAILABILITY = YES_AGGRESSIVE;
				CLANG_WARN_UNREACHABLE_CODE = YES;
				CLANG_WARN__DUPLICATE_METHOD_MATCH = YES;
				COPY_PHASE_STRIP = NO;
				DEBUG_INFORMATION_FORMAT = "dwarf-with-dsym";
				ENABLE_NS_ASSERTIONS = NO;
				ENABLE_STRICT_OBJC_MSGSEND = YES;
				GCC_C_LANGUAGE_STANDARD = gnu11;
				GCC_NO_COMMON_BLOCKS = YES;
				GCC_WARN_64_TO_32_BIT_CONVERSION = YES;
				GCC_WARN_ABOUT_RETURN_TYPE = YES_ERROR;
				GCC_WARN_UNDECLARED_SELECTOR = YES;
				GCC_WARN_UNINITIALIZED_AUTOS = YES_AGGRESSIVE;
				GCC_WARN_UNUSED_FUNCTION = YES;
				GCC_WARN_UNUSED_VARIABLE = YES;
				IPHONEOS_DEPLOYMENT_TARGET = 15.4;
				MTL_ENABLE_DEBUG_INFO = NO;
				MTL_FAST_MATH = YES;
				SDKROOT = iphoneos;
				SWIFT_COMPILATION_MODE = wholemodule;
				SWIFT_OPTIMIZATION_LEVEL = "-O";
				VALIDATE_PRODUCT = YES;
			};
			name = Release;
		};
		AAA6CCDA281A20BA002E8CB3 /* Debug */ = {
			isa = XCBuildConfiguration;
			buildSettings = {
				ASSETCATALOG_COMPILER_APPICON_NAME = AppIcon;
				ASSETCATALOG_COMPILER_GLOBAL_ACCENT_COLOR_NAME = AccentColor;
				CODE_SIGN_STYLE = Automatic;
				CURRENT_PROJECT_VERSION = 1;
				DEVELOPMENT_TEAM = 7A8Q75M3WV;
				GENERATE_INFOPLIST_FILE = YES;
				INFOPLIST_FILE = Listrikku/Info.plist;
				INFOPLIST_KEY_UIApplicationSupportsIndirectInputEvents = YES;
				INFOPLIST_KEY_UILaunchStoryboardName = LaunchScreen;
				INFOPLIST_KEY_UIMainStoryboardFile = Main;
				INFOPLIST_KEY_UISupportedInterfaceOrientations_iPad = "UIInterfaceOrientationPortrait UIInterfaceOrientationPortraitUpsideDown UIInterfaceOrientationLandscapeLeft UIInterfaceOrientationLandscapeRight";
				INFOPLIST_KEY_UISupportedInterfaceOrientations_iPhone = "UIInterfaceOrientationPortrait UIInterfaceOrientationLandscapeLeft UIInterfaceOrientationLandscapeRight";
				LD_RUNPATH_SEARCH_PATHS = (
					"$(inherited)",
					"@executable_path/Frameworks",
				);
				MARKETING_VERSION = 1.0;
				PRODUCT_BUNDLE_IDENTIFIER = com.alphitardian.Listrikku;
				PRODUCT_NAME = "$(TARGET_NAME)";
				SWIFT_EMIT_LOC_STRINGS = YES;
				SWIFT_VERSION = 5.0;
				TARGETED_DEVICE_FAMILY = "1,2";
			};
			name = Debug;
		};
		AAA6CCDB281A20BA002E8CB3 /* Release */ = {
			isa = XCBuildConfiguration;
			buildSettings = {
				ASSETCATALOG_COMPILER_APPICON_NAME = AppIcon;
				ASSETCATALOG_COMPILER_GLOBAL_ACCENT_COLOR_NAME = AccentColor;
				CODE_SIGN_STYLE = Automatic;
				CURRENT_PROJECT_VERSION = 1;
				DEVELOPMENT_TEAM = 7A8Q75M3WV;
				GENERATE_INFOPLIST_FILE = YES;
				INFOPLIST_FILE = Listrikku/Info.plist;
				INFOPLIST_KEY_UIApplicationSupportsIndirectInputEvents = YES;
				INFOPLIST_KEY_UILaunchStoryboardName = LaunchScreen;
				INFOPLIST_KEY_UIMainStoryboardFile = Main;
				INFOPLIST_KEY_UISupportedInterfaceOrientations_iPad = "UIInterfaceOrientationPortrait UIInterfaceOrientationPortraitUpsideDown UIInterfaceOrientationLandscapeLeft UIInterfaceOrientationLandscapeRight";
				INFOPLIST_KEY_UISupportedInterfaceOrientations_iPhone = "UIInterfaceOrientationPortrait UIInterfaceOrientationLandscapeLeft UIInterfaceOrientationLandscapeRight";
				LD_RUNPATH_SEARCH_PATHS = (
					"$(inherited)",
					"@executable_path/Frameworks",
				);
				MARKETING_VERSION = 1.0;
				PRODUCT_BUNDLE_IDENTIFIER = com.alphitardian.Listrikku;
				PRODUCT_NAME = "$(TARGET_NAME)";
				SWIFT_EMIT_LOC_STRINGS = YES;
				SWIFT_VERSION = 5.0;
				TARGETED_DEVICE_FAMILY = "1,2";
			};
			name = Release;
		};
/* End XCBuildConfiguration section */

/* Begin XCConfigurationList section */
		AAA6CCBD281A20B8002E8CB3 /* Build configuration list for PBXProject "Listrikku" */ = {
			isa = XCConfigurationList;
			buildConfigurations = (
				AAA6CCD7281A20BA002E8CB3 /* Debug */,
				AAA6CCD8281A20BA002E8CB3 /* Release */,
			);
			defaultConfigurationIsVisible = 0;
			defaultConfigurationName = Release;
		};
		AAA6CCD9281A20BA002E8CB3 /* Build configuration list for PBXNativeTarget "Listrikku" */ = {
			isa = XCConfigurationList;
			buildConfigurations = (
				AAA6CCDA281A20BA002E8CB3 /* Debug */,
				AAA6CCDB281A20BA002E8CB3 /* Release */,
			);
			defaultConfigurationIsVisible = 0;
			defaultConfigurationName = Release;
		};
/* End XCConfigurationList section */

/* Begin XCVersionGroup section */
		AAA6CCCE281A20B9002E8CB3 /* Listrikku.xcdatamodeld */ = {
			isa = XCVersionGroup;
			children = (
				AAA6CCCF281A20B9002E8CB3 /* Listrikku.xcdatamodel */,
			);
			currentVersion = AAA6CCCF281A20B9002E8CB3 /* Listrikku.xcdatamodel */;
			path = Listrikku.xcdatamodeld;
			sourceTree = "<group>";
			versionGroupType = wrapper.xcdatamodel;
		};
/* End XCVersionGroup section */
	};
	rootObject = AAA6CCBA281A20B8002E8CB3 /* Project object */;
}
